{
  "version": 4,
  "terraform_version": "1.13.3",
  "serial": 375,
  "lineage": "a7b6f7bd-6000-ee4b-06c4-5adbe997cd78",
  "outputs": {
    "ecr_repository_url": {
      "value": "148761666891.dkr.ecr.us-east-1.amazonaws.com/todoapp",
      "type": "string"
    },
    "eks_cluster_endpoint": {
      "value": "https://7F58358FD8CABDA1351D127E3F5C5AA8.gr7.us-east-1.eks.amazonaws.com",
      "type": "string"
    },
    "eks_cluster_name": {
      "value": "wiz-cluster",
      "type": "string"
    },
    "mongodb_public_ip": {
      "value": "13.221.238.243",
      "type": "string"
    },
    "private_subnet_ids": {
      "value": [
        "subnet-0474e4a5902e45726",
        "subnet-07170861ffc2efebb"
      ],
      "type": [
        "tuple",
        [
          "string",
          "string"
        ]
      ]
    },
    "s3_bucket_name": {
      "value": "wiz-mongodb-backups-9fk2n0pv",
      "type": "string"
    },
    "vpc_id": {
      "value": "vpc-08c1881e02c98ab3f",
      "type": "string"
    }
  },
  "resources": [
    {
      "mode": "data",
      "type": "aws_subnet",
      "name": "all",
      "provider": "provider[\"registry.terraform.io/hashicorp/aws\"]",
      "instances": [
        {
          "index_key": "subnet-01060ee0457c4e2ab",
          "schema_version": 0,
          "attributes": {
            "arn": "arn:aws:ec2:us-east-1:148761666891:subnet/subnet-01060ee0457c4e2ab",
            "assign_ipv6_address_on_creation": false,
            "availability_zone": "us-east-1c",
            "availability_zone_id": "use1-az2",
            "available_ip_address_count": 249,
            "cidr_block": "10.50.1.0/24",
            "customer_owned_ipv4_pool": "",
            "default_for_az": false,
            "enable_dns64": false,
            "enable_lni_at_device_index": 0,
            "enable_resource_name_dns_a_record_on_launch": false,
            "enable_resource_name_dns_aaaa_record_on_launch": false,
            "filter": null,
            "id": "subnet-01060ee0457c4e2ab",
            "ipv6_cidr_block": "",
            "ipv6_cidr_block_association_id": "",
            "ipv6_native": false,
            "map_customer_owned_ip_on_launch": false,
            "map_public_ip_on_launch": true,
            "outpost_arn": "",
            "owner_id": "148761666891",
            "private_dns_hostname_type_on_launch": "ip-name",
            "region": "us-east-1",
            "state": "available",
            "tags": {
              "Name": "Wizlabs-public-subnet2"
            },
            "timeouts": null,
            "vpc_id": "vpc-08c1881e02c98ab3f"
          },
          "sensitive_attributes": [],
          "identity_schema_version": 0
        },
        {
          "index_key": "subnet-0474e4a5902e45726",
          "schema_version": 0,
          "attributes": {
            "arn": "arn:aws:ec2:us-east-1:148761666891:subnet/subnet-0474e4a5902e45726",
            "assign_ipv6_address_on_creation": false,
            "availability_zone": "us-east-1c",
            "availability_zone_id": "use1-az2",
            "available_ip_address_count": 238,
            "cidr_block": "10.50.3.0/24",
            "customer_owned_ipv4_pool": "",
            "default_for_az": false,
            "enable_dns64": false,
            "enable_lni_at_device_index": 0,
            "enable_resource_name_dns_a_record_on_launch": false,
            "enable_resource_name_dns_aaaa_record_on_launch": false,
            "filter": null,
            "id": "subnet-0474e4a5902e45726",
            "ipv6_cidr_block": "",
            "ipv6_cidr_block_association_id": "",
            "ipv6_native": false,
            "map_customer_owned_ip_on_launch": false,
            "map_public_ip_on_launch": false,
            "outpost_arn": "",
            "owner_id": "148761666891",
            "private_dns_hostname_type_on_launch": "ip-name",
            "region": "us-east-1",
            "state": "available",
            "tags": {
              "Name": "Wizlabs-private-subnet2"
            },
            "timeouts": null,
            "vpc_id": "vpc-08c1881e02c98ab3f"
          },
          "sensitive_attributes": [],
          "identity_schema_version": 0
        },
        {
          "index_key": "subnet-07170861ffc2efebb",
          "schema_version": 0,
          "attributes": {
            "arn": "arn:aws:ec2:us-east-1:148761666891:subnet/subnet-07170861ffc2efebb",
            "assign_ipv6_address_on_creation": false,
            "availability_zone": "us-east-1b",
            "availability_zone_id": "use1-az1",
            "available_ip_address_count": 238,
            "cidr_block": "10.50.2.0/24",
            "customer_owned_ipv4_pool": "",
            "default_for_az": false,
            "enable_dns64": false,
            "enable_lni_at_device_index": 0,
            "enable_resource_name_dns_a_record_on_launch": false,
            "enable_resource_name_dns_aaaa_record_on_launch": false,
            "filter": null,
            "id": "subnet-07170861ffc2efebb",
            "ipv6_cidr_block": "",
            "ipv6_cidr_block_association_id": "",
            "ipv6_native": false,
            "map_customer_owned_ip_on_launch": false,
            "map_public_ip_on_launch": false,
            "outpost_arn": "",
            "owner_id": "148761666891",
            "private_dns_hostname_type_on_launch": "ip-name",
            "region": "us-east-1",
            "state": "available",
            "tags": {
              "Name": "Wizlabs-private-subnet1"
            },
            "timeouts": null,
            "vpc_id": "vpc-08c1881e02c98ab3f"
          },
          "sensitive_attributes": [],
          "identity_schema_version": 0
        },
        {
          "index_key": "subnet-09f3cc06843280d7d",
          "schema_version": 0,
          "attributes": {
            "arn": "arn:aws:ec2:us-east-1:148761666891:subnet/subnet-09f3cc06843280d7d",
            "assign_ipv6_address_on_creation": false,
            "availability_zone": "us-east-1b",
            "availability_zone_id": "use1-az1",
            "available_ip_address_count": 249,
            "cidr_block": "10.50.0.0/24",
            "customer_owned_ipv4_pool": "",
            "default_for_az": false,
            "enable_dns64": false,
            "enable_lni_at_device_index": 0,
            "enable_resource_name_dns_a_record_on_launch": false,
            "enable_resource_name_dns_aaaa_record_on_launch": false,
            "filter": null,
            "id": "subnet-09f3cc06843280d7d",
            "ipv6_cidr_block": "",
            "ipv6_cidr_block_association_id": "",
            "ipv6_native": false,
            "map_customer_owned_ip_on_launch": false,
            "map_public_ip_on_launch": true,
            "outpost_arn": "",
            "owner_id": "148761666891",
            "private_dns_hostname_type_on_launch": "ip-name",
            "region": "us-east-1",
            "state": "available",
            "tags": {
              "Name": "Wizlabs-public-subnet1"
            },
            "timeouts": null,
            "vpc_id": "vpc-08c1881e02c98ab3f"
          },
          "sensitive_attributes": [],
          "identity_schema_version": 0
        }
      ]
    },
    {
      "mode": "data",
      "type": "aws_subnets",
      "name": "all",
      "provider": "provider[\"registry.terraform.io/hashicorp/aws\"]",
      "instances": [
        {
          "schema_version": 0,
          "attributes": {
            "filter": [
              {
                "name": "vpc-id",
                "values": [
                  "vpc-08c1881e02c98ab3f"
                ]
              }
            ],
            "id": "us-east-1",
            "ids": [
              "subnet-07170861ffc2efebb",
              "subnet-01060ee0457c4e2ab",
              "subnet-09f3cc06843280d7d",
              "subnet-0474e4a5902e45726"
            ],
            "region": "us-east-1",
            "tags": null,
            "timeouts": null
          },
          "sensitive_attributes": [],
          "identity_schema_version": 0
        }
      ]
    },
    {
      "mode": "data",
      "type": "aws_vpc",
      "name": "main",
      "provider": "provider[\"registry.terraform.io/hashicorp/aws\"]",
      "instances": [
        {
          "schema_version": 0,
          "attributes": {
            "arn": "arn:aws:ec2:us-east-1:148761666891:vpc/vpc-08c1881e02c98ab3f",
            "cidr_block": "10.50.0.0/21",
            "cidr_block_associations": [
              {
                "association_id": "vpc-cidr-assoc-089ac59cecb0d34b6",
                "cidr_block": "10.50.0.0/21",
                "state": "associated"
              }
            ],
            "default": false,
            "dhcp_options_id": "dopt-03651e57b434082d3",
            "enable_dns_hostnames": true,
            "enable_dns_support": true,
            "enable_network_address_usage_metrics": false,
            "filter": null,
            "id": "vpc-08c1881e02c98ab3f",
            "instance_tenancy": "default",
            "ipv6_association_id": "",
            "ipv6_cidr_block": "",
            "main_route_table_id": "rtb-05247b6846821b973",
            "owner_id": "148761666891",
            "region": "us-east-1",
            "state": null,
            "tags": {
              "Name": "Wizlabs-VPC"
            },
            "timeouts": null
          },
          "sensitive_attributes": [],
          "identity_schema_version": 0
        }
      ]
    },
    {
      "mode": "managed",
      "type": "aws_accessanalyzer_analyzer",
      "name": "main",
      "provider": "provider[\"registry.terraform.io/hashicorp/aws\"]",
      "instances": [
        {
          "schema_version": 0,
          "attributes": {
            "analyzer_name": "wiz-access-analyzer",
            "arn": "arn:aws:access-analyzer:us-east-1:148761666891:analyzer/wiz-access-analyzer",
            "configuration": [],
            "id": "wiz-access-analyzer",
            "region": "us-east-1",
            "tags": {},
            "tags_all": {},
            "type": "ACCOUNT"
          },
          "sensitive_attributes": [],
          "identity_schema_version": 0,
          "private": "bnVsbA=="
        }
      ]
    },
    {
      "mode": "managed",
      "type": "aws_config_configuration_recorder",
      "name": "main",
      "provider": "provider[\"registry.terraform.io/hashicorp/aws\"]",
      "instances": [
        {
          "schema_version": 0,
          "attributes": {
            "id": "wiz-config-recorder",
            "name": "wiz-config-recorder",
            "recording_group": [
              {
                "all_supported": false,
                "exclusion_by_resource_types": [
                  {
                    "resource_types": []
                  }
                ],
                "include_global_resource_types": false,
                "recording_strategy": [
                  {
                    "use_only": "INCLUSION_BY_RESOURCE_TYPES"
                  }
                ],
                "resource_types": [
                  "AWS::EC2::Instance",
                  "AWS::EKS::Cluster",
                  "AWS::IAM::Role",
                  "AWS::S3::Bucket"
                ]
              }
            ],
            "recording_mode": [
              {
                "recording_frequency": "CONTINUOUS",
                "recording_mode_override": []
              }
            ],
            "region": "us-east-1",
            "role_arn": "arn:aws:iam::148761666891:role/aws-service-role/config.amazonaws.com/AWSServiceRoleForConfig"
          },
          "sensitive_attributes": [],
          "identity_schema_version": 0,
          "private": "bnVsbA=="
        }
      ]
    },
    {
      "mode": "managed",
      "type": "aws_config_configuration_recorder_status",
      "name": "main",
      "provider": "provider[\"registry.terraform.io/hashicorp/aws\"]",
      "instances": [
        {
          "schema_version": 0,
          "attributes": {
            "id": "wiz-config-recorder",
            "is_enabled": true,
            "name": "wiz-config-recorder",
            "region": "us-east-1"
          },
          "sensitive_attributes": [],
          "identity_schema_version": 0,
          "private": "bnVsbA==",
          "dependencies": [
            "aws_config_configuration_recorder.main",
            "aws_config_delivery_channel.main",
            "aws_s3_bucket.config",
            "random_string.suffix"
          ]
        }
      ]
    },
    {
      "mode": "managed",
      "type": "aws_config_conformance_pack",
      "name": "eks",
      "provider": "provider[\"registry.terraform.io/hashicorp/aws\"]",
      "instances": [
        {
          "schema_version": 0,
          "attributes": {
            "arn": "arn:aws:config:us-east-1:148761666891:conformance-pack/EKS/conformance-pack-f7mvqlndk",
            "delivery_s3_bucket": "",
            "delivery_s3_key_prefix": "",
            "id": "EKS",
            "input_parameter": [
              {
                "parameter_name": "EksClusterOldestSupportedVersionParamOldestVersionSupported",
                "parameter_value": "1.2"
              },
              {
                "parameter_name": "EksClusterSupportedVersionParamOldestVersionSupported",
                "parameter_value": "1.2"
              }
            ],
            "name": "EKS",
            "region": "us-east-1",
            "template_body": null,
            "template_s3_uri": null
          },
          "sensitive_attributes": [],
          "identity_schema_version": 0,
          "private": "eyJzY2hlbWFfdmVyc2lvbiI6IjAifQ=="
        }
      ]
    },
    {
      "mode": "managed",
      "type": "aws_config_conformance_pack",
      "name": "nist",
      "provider": "provider[\"registry.terraform.io/hashicorp/aws\"]",
      "instances": [
        {
          "schema_version": 0,
          "attributes": {
            "arn": "arn:aws:config:us-east-1:148761666891:conformance-pack/NIST/conformance-pack-aeevdpa6d",
            "delivery_s3_bucket": "",
            "delivery_s3_key_prefix": "",
            "id": "NIST",
            "input_parameter": [
              {
                "parameter_name": "AccessKeysRotatedParamMaxAccessKeyAge",
                "parameter_value": "90"
              },
              {
                "parameter_name": "AcmCertificateExpirationCheckParamDaysToExpiration",
                "parameter_value": "90"
              },
              {
                "parameter_name": "BackupPlanMinFrequencyAndMinRetentionCheckParamRequiredFrequencyUnit",
                "parameter_value": "days"
              },
              {
                "parameter_name": "BackupPlanMinFrequencyAndMinRetentionCheckParamRequiredFrequencyValue",
                "parameter_value": "1"
              },
              {
                "parameter_name": "BackupPlanMinFrequencyAndMinRetentionCheckParamRequiredRetentionDays",
                "parameter_value": "35"
              },
              {
                "parameter_name": "DynamodbThroughputLimitCheckParamAccountRCUThresholdPercentage",
                "parameter_value": "80"
              },
              {
                "parameter_name": "DynamodbThroughputLimitCheckParamAccountWCUThresholdPercentage",
                "parameter_value": "80"
              },
              {
                "parameter_name": "Ec2VolumeInuseCheckParamDeleteOnTermination",
                "parameter_value": "TRUE"
              },
              {
                "parameter_name": "IamCustomerPolicyBlockedKmsActionsParamBlockedActionsPatterns",
                "parameter_value": "kms:Decrypt,kms:ReEncryptFrom"
              },
              {
                "parameter_name": "IamInlinePolicyBlockedKmsActionsParamBlockedActionsPatterns",
                "parameter_value": "kms:Decrypt,kms:ReEncryptFrom"
              },
              {
                "parameter_name": "IamPasswordPolicyParamMaxPasswordAge",
                "parameter_value": "90"
              },
              {
                "parameter_name": "IamPasswordPolicyParamMinimumPasswordLength",
                "parameter_value": "14"
              },
              {
                "parameter_name": "IamPasswordPolicyParamPasswordReusePrevention",
                "parameter_value": "24"
              },
              {
                "parameter_name": "IamPasswordPolicyParamRequireLowercaseCharacters",
                "parameter_value": "true"
              },
              {
                "parameter_name": "IamPasswordPolicyParamRequireNumbers",
                "parameter_value": "true"
              },
              {
                "parameter_name": "IamPasswordPolicyParamRequireSymbols",
                "parameter_value": "true"
              },
              {
                "parameter_name": "IamPasswordPolicyParamRequireUppercaseCharacters",
                "parameter_value": "true"
              },
              {
                "parameter_name": "IamUserUnusedCredentialsCheckParamMaxCredentialUsageAge",
                "parameter_value": "90"
              },
              {
                "parameter_name": "LambdaConcurrencyCheckParamConcurrencyLimitHigh",
                "parameter_value": "1000"
              },
              {
                "parameter_name": "LambdaConcurrencyCheckParamConcurrencyLimitLow",
                "parameter_value": "500"
              },
              {
                "parameter_name": "RedshiftClusterMaintenancesettingsCheckParamAllowVersionUpgrade",
                "parameter_value": "TRUE"
              },
              {
                "parameter_name": "RestrictedIncomingTrafficParamBlockedPort1",
                "parameter_value": "20"
              },
              {
                "parameter_name": "RestrictedIncomingTrafficParamBlockedPort2",
                "parameter_value": "21"
              },
              {
                "parameter_name": "RestrictedIncomingTrafficParamBlockedPort3",
                "parameter_value": "3389"
              },
              {
                "parameter_name": "RestrictedIncomingTrafficParamBlockedPort4",
                "parameter_value": "3306"
              },
              {
                "parameter_name": "RestrictedIncomingTrafficParamBlockedPort5",
                "parameter_value": "4333"
              },
              {
                "parameter_name": "VpcSgOpenOnlyToAuthorizedPortsParamAuthorizedTcpPorts",
                "parameter_value": "443"
              }
            ],
            "name": "NIST",
            "region": "us-east-1",
            "template_body": null,
            "template_s3_uri": null
          },
          "sensitive_attributes": [],
          "identity_schema_version": 0,
          "private": "eyJzY2hlbWFfdmVyc2lvbiI6IjAifQ=="
        }
      ]
    },
    {
      "mode": "managed",
      "type": "aws_config_conformance_pack",
      "name": "operational_best_practices_iam",
      "provider": "provider[\"registry.terraform.io/hashicorp/aws\"]",
      "instances": [
        {
          "schema_version": 0,
          "attributes": {
            "arn": "arn:aws:config:us-east-1:148761666891:conformance-pack/operational-best-practices-for-iam/conformance-pack-xbnrkjbb4",
            "delivery_s3_bucket": "",
            "delivery_s3_key_prefix": "",
            "id": "operational-best-practices-for-iam",
            "input_parameter": [],
            "name": "operational-best-practices-for-iam",
            "region": "us-east-1",
            "template_body": "AWSTemplateFormatVersion: '2010-09-09'\nDescription: 'Operational Best Practices for IAM'\nResources:\n  IAMRootAccessKeyCheck:\n    Type: AWS::Config::ConfigRule\n    Properties:\n      ConfigRuleName: iam-root-access-key-check\n      Source:\n        Owner: AWS\n        SourceIdentifier: IAM_ROOT_ACCESS_KEY_CHECK\n  IAMPasswordPolicy:\n    Type: AWS::Config::ConfigRule\n    Properties:\n      ConfigRuleName: iam-password-policy\n      Source:\n        Owner: AWS\n        SourceIdentifier: IAM_PASSWORD_POLICY\n",
            "template_s3_uri": null
          },
          "sensitive_attributes": [],
          "identity_schema_version": 0,
          "private": "bnVsbA==",
          "dependencies": [
            "aws_config_configuration_recorder.main",
            "aws_config_configuration_recorder_status.main",
            "aws_config_delivery_channel.main",
            "aws_s3_bucket.config",
            "random_string.suffix"
          ]
        }
      ]
    },
    {
      "mode": "managed",
      "type": "aws_config_conformance_pack",
      "name": "operational_best_practices_s3",
      "provider": "provider[\"registry.terraform.io/hashicorp/aws\"]",
      "instances": [
        {
          "schema_version": 0,
          "attributes": {
            "arn": "arn:aws:config:us-east-1:148761666891:conformance-pack/operational-best-practices-for-amazon-s3/conformance-pack-7fwasj7ag",
            "delivery_s3_bucket": "",
            "delivery_s3_key_prefix": "",
            "id": "operational-best-practices-for-amazon-s3",
            "input_parameter": [],
            "name": "operational-best-practices-for-amazon-s3",
            "region": "us-east-1",
            "template_body": "AWSTemplateFormatVersion: '2010-09-09'\nDescription: 'Operational Best Practices for Amazon S3'\nResources:\n  S3BucketPublicReadProhibited:\n    Type: AWS::Config::ConfigRule\n    Properties:\n      ConfigRuleName: s3-bucket-public-read-prohibited\n      Source:\n        Owner: AWS\n        SourceIdentifier: S3_BUCKET_PUBLIC_READ_PROHIBITED\n  S3BucketPublicWriteProhibited:\n    Type: AWS::Config::ConfigRule\n    Properties:\n      ConfigRuleName: s3-bucket-public-write-prohibited\n      Source:\n        Owner: AWS\n        SourceIdentifier: S3_BUCKET_PUBLIC_WRITE_PROHIBITED\n",
            "template_s3_uri": null
          },
          "sensitive_attributes": [],
          "identity_schema_version": 0,
          "private": "bnVsbA==",
          "dependencies": [
            "aws_config_configuration_recorder.main",
            "aws_config_configuration_recorder_status.main",
            "aws_config_delivery_channel.main",
            "aws_s3_bucket.config",
            "random_string.suffix"
          ]
        }
      ]
    },
    {
      "mode": "managed",
      "type": "aws_config_delivery_channel",
      "name": "main",
      "provider": "provider[\"registry.terraform.io/hashicorp/aws\"]",
      "instances": [
        {
          "schema_version": 0,
          "attributes": {
            "id": "wiz-config-delivery",
            "name": "wiz-config-delivery",
            "region": "us-east-1",
            "s3_bucket_name": "wiz-config-9fk2n0pv",
            "s3_key_prefix": "",
            "s3_kms_key_arn": "",
            "snapshot_delivery_properties": [],
            "sns_topic_arn": ""
          },
          "sensitive_attributes": [],
          "identity_schema_version": 0,
          "private": "bnVsbA==",
          "dependencies": [
            "aws_s3_bucket.config",
            "random_string.suffix"
          ]
        }
      ]
    },
    {
      "mode": "managed",
      "type": "aws_ecr_repository",
      "name": "todoapp",
      "provider": "provider[\"registry.terraform.io/hashicorp/aws\"]",
      "instances": [
        {
          "schema_version": 0,
          "attributes": {
            "arn": "arn:aws:ecr:us-east-1:148761666891:repository/todoapp",
            "encryption_configuration": [
              {
                "encryption_type": "AES256",
                "kms_key": ""
              }
            ],
            "force_delete": null,
            "id": "todoapp",
            "image_scanning_configuration": [
              {
                "scan_on_push": false
              }
            ],
            "image_tag_mutability": "MUTABLE",
            "image_tag_mutability_exclusion_filter": [],
            "name": "todoapp",
            "region": "us-east-1",
            "registry_id": "148761666891",
            "repository_url": "148761666891.dkr.ecr.us-east-1.amazonaws.com/todoapp",
            "tags": {},
            "tags_all": {},
            "timeouts": null
          },
          "sensitive_attributes": [],
          "identity_schema_version": 0,
          "identity": {
            "account_id": "148761666891",
            "name": "todoapp",
            "region": "us-east-1"
          },
          "private": "eyJlMmJmYjczMC1lY2FhLTExZTYtOGY4OC0zNDM2M2JjN2M0YzAiOnsiZGVsZXRlIjoxMjAwMDAwMDAwMDAwfX0="
        }
      ]
    },
    {
      "mode": "managed",
      "type": "aws_eks_cluster",
      "name": "main",
      "provider": "provider[\"registry.terraform.io/hashicorp/aws\"]",
      "instances": [
        {
          "schema_version": 1,
          "attributes": {
            "access_config": [
              {
                "authentication_mode": "CONFIG_MAP",
                "bootstrap_cluster_creator_admin_permissions": true
              }
            ],
            "arn": "arn:aws:eks:us-east-1:148761666891:cluster/wiz-cluster",
            "bootstrap_self_managed_addons": true,
            "certificate_authority": [
              {
                "data": "LS0tLS1CRUdJTiBDRVJUSUZJQ0FURS0tLS0tCk1JSURCVENDQWUyZ0F3SUJBZ0lJZkl3VXlBQlZETm93RFFZSktvWklodmNOQVFFTEJRQXdGVEVUTUJFR0ExVUUKQXhNS2EzVmlaWEp1WlhSbGN6QWVGdzB5TlRFd01ETXdNVE01TVRkYUZ3MHpOVEV3TURFd01UUTBNVGRhTUJVeApFekFSQmdOVkJBTVRDbXQxWW1WeWJtVjBaWE13Z2dFaU1BMEdDU3FHU0liM0RRRUJBUVVBQTRJQkR3QXdnZ0VLCkFvSUJBUURLOU5MbWtJZFBPZ0kySzdka2dKT0lJU2M2WmdaMlNDSEo3MnphaEhnQ254NDVDY003RWxPMk5uRDQKbEcySnd6Y0RpZGt0ZzFITEkrRFdFZkZ1dWluMGRjOHc2aXJGTHlBSnpobEt6L0JVMTlZZXlSRWZoL0FkYkFhSgpKeHZHUlFzT1MvZkg4dUdtUkZZMmc0R1I0NjN2NWVHWG81ZGgwU1pIL2UwVGtqNEsrNGpybDk2S0IzaVF5M0QxClJUZzRxK21mV1NFY3pxa0hjK0ZEUytnNUo4ek9xZVIxVThjdkdTQjV6VzJYSVlPbTZYRmk5dDR0by9WTTRocHgKREl1V1M2VjBxRFUxZXo2SWNiaUxxS0gyaUsxckhCb1c3TjBIVjNBQjg3bmI2T3RNY1JzOU40cld5eGhPTFAzLwp5R1ovWDVpOTAva0VBa0JabmtNWXFady9aSUhKQWdNQkFBR2pXVEJYTUE0R0ExVWREd0VCL3dRRUF3SUNwREFQCkJnTlZIUk1CQWY4RUJUQURBUUgvTUIwR0ExVWREZ1FXQkJURUhKOXhWODl2R0g0YXREMG1NVU9ndTBMazVqQVYKQmdOVkhSRUVEakFNZ2dwcmRXSmxjbTVsZEdWek1BMEdDU3FHU0liM0RRRUJDd1VBQTRJQkFRQmt4eHR3NjRtRQo1M1R3VW1qRVAwM1VqY2lDQ0x6RnFybW0rODFEMHVSZ2c4Y3I2dkFBWUhDSWREMkg4NTVpSGgveVZLWXlVZ2Q4CjhVU0pUS2NvMmRyWjJiV3dBYkRnNkhSOElrL0l0SmR6b1VUd1ZscE9yTloySDVkd0ZIckdrdXgrNGp4djg2SFcKRTJjZXc4dFNDalgyWVlUQTZTKzVOUndsZ2grWWJFTUhscVdEM2I4VjA4UDgrRHF2OWU3czJjL2l4UStoa2E0bwpvZmlTbzQwcXBHTXdTY2ZEU0hXNkR2QjlZZFluYmhlbldqa056ci9VczBNenlBOUZNcXp0N3kzV2R0Z05DWUlHCk9nMTI1eWxKd1oxUFFQSGxodU9OTHo1TWVubUNZMWZmZlRCaXkvdm1jZEl0LzVlMC9UTUQxTnRaVDU3dmUwSHMKTlcyZDl1Z0l0R3lWCi0tLS0tRU5EIENFUlRJRklDQVRFLS0tLS0K"
              }
            ],
            "cluster_id": null,
            "compute_config": [
              {
                "enabled": false,
                "node_pools": [],
                "node_role_arn": ""
              }
            ],
            "created_at": "2025-10-03T01:38:24Z",
            "deletion_protection": false,
            "enabled_cluster_log_types": [],
            "encryption_config": [],
            "endpoint": "https://7F58358FD8CABDA1351D127E3F5C5AA8.gr7.us-east-1.eks.amazonaws.com",
            "force_update_version": null,
            "id": "wiz-cluster",
            "identity": [
              {
                "oidc": [
                  {
                    "issuer": "https://oidc.eks.us-east-1.amazonaws.com/id/7F58358FD8CABDA1351D127E3F5C5AA8"
                  }
                ]
              }
            ],
            "kubernetes_network_config": [
              {
                "elastic_load_balancing": [
                  {
                    "enabled": false
                  }
                ],
                "ip_family": "ipv4",
                "service_ipv4_cidr": "172.20.0.0/16",
                "service_ipv6_cidr": ""
              }
            ],
            "name": "wiz-cluster",
            "outpost_config": [],
            "platform_version": "eks.50",
            "region": "us-east-1",
            "remote_network_config": [],
            "role_arn": "arn:aws:iam::148761666891:role/eks-cluster-role",
            "status": "ACTIVE",
            "storage_config": [
              {
                "block_storage": [
                  {
                    "enabled": false
                  }
                ]
              }
            ],
            "tags": {},
            "tags_all": {},
            "timeouts": null,
            "upgrade_policy": [
              {
                "support_type": "EXTENDED"
              }
            ],
            "version": "1.29",
            "vpc_config": [
              {
                "cluster_security_group_id": "sg-00e94e39e3488d835",
                "endpoint_private_access": true,
                "endpoint_public_access": true,
                "public_access_cidrs": [
                  "0.0.0.0/0"
                ],
                "security_group_ids": [],
                "subnet_ids": [
                  "subnet-0474e4a5902e45726",
                  "subnet-07170861ffc2efebb"
                ],
                "vpc_id": "vpc-08c1881e02c98ab3f"
              }
            ],
            "zonal_shift_config": []
          },
          "sensitive_attributes": [],
          "identity_schema_version": 0,
          "private": "eyJlMmJmYjczMC1lY2FhLTExZTYtOGY4OC0zNDM2M2JjN2M0YzAiOnsiY3JlYXRlIjoxODAwMDAwMDAwMDAwLCJkZWxldGUiOjkwMDAwMDAwMDAwMCwidXBkYXRlIjozNjAwMDAwMDAwMDAwfSwic2NoZW1hX3ZlcnNpb24iOiIxIn0=",
          "dependencies": [
            "aws_iam_role.eks_cluster",
            "aws_iam_role_policy_attachment.eks_cluster_policy",
            "data.aws_subnet.all",
            "data.aws_subnets.all",
            "data.aws_vpc.main"
          ]
        }
      ]
    },
    {
      "mode": "managed",
      "type": "aws_eks_node_group",
      "name": "main",
      "provider": "provider[\"registry.terraform.io/hashicorp/aws\"]",
      "instances": [
        {
          "schema_version": 0,
          "attributes": {
            "ami_type": "AL2_x86_64",
            "arn": "arn:aws:eks:us-east-1:148761666891:nodegroup/wiz-cluster/wiz-nodes/54ccd3e0-82b4-1e7b-7d93-97e3f488e333",
            "capacity_type": "ON_DEMAND",
            "cluster_name": "wiz-cluster",
            "disk_size": 20,
            "force_update_version": null,
            "id": "wiz-cluster:wiz-nodes",
            "instance_types": [
              "t3.medium"
            ],
            "labels": {},
            "launch_template": [],
            "node_group_name": "wiz-nodes",
            "node_group_name_prefix": "",
            "node_repair_config": [],
            "node_role_arn": "arn:aws:iam::148761666891:role/eks-node-role",
            "region": "us-east-1",
            "release_version": "1.29.15-20250920",
            "remote_access": [],
            "resources": [
              {
                "autoscaling_groups": [
                  {
                    "name": "eks-wiz-nodes-54ccd3e0-82b4-1e7b-7d93-97e3f488e333"
                  }
                ],
                "remote_access_security_group_id": ""
              }
            ],
            "scaling_config": [
              {
                "desired_size": 2,
                "max_size": 3,
                "min_size": 1
              }
            ],
            "status": "ACTIVE",
            "subnet_ids": [
              "subnet-0474e4a5902e45726",
              "subnet-07170861ffc2efebb"
            ],
            "tags": {},
            "tags_all": {},
            "taint": [],
            "timeouts": null,
            "update_config": [
              {
                "max_unavailable": 1,
                "max_unavailable_percentage": 0
              }
            ],
            "version": "1.29"
          },
          "sensitive_attributes": [],
          "identity_schema_version": 0,
          "private": "eyJlMmJmYjczMC1lY2FhLTExZTYtOGY4OC0zNDM2M2JjN2M0YzAiOnsiY3JlYXRlIjozNjAwMDAwMDAwMDAwLCJkZWxldGUiOjM2MDAwMDAwMDAwMDAsInVwZGF0ZSI6MzYwMDAwMDAwMDAwMH19",
          "dependencies": [
            "aws_eks_cluster.main",
            "aws_iam_role.eks_cluster",
            "aws_iam_role.eks_node",
            "aws_iam_role_policy_attachment.eks_cluster_policy",
            "aws_iam_role_policy_attachment.eks_cni_policy",
            "aws_iam_role_policy_attachment.eks_container_registry_policy",
            "aws_iam_role_policy_attachment.eks_worker_node_policy",
            "data.aws_subnet.all",
            "data.aws_subnets.all",
            "data.aws_vpc.main"
          ]
        }
      ]
    },
    {
      "mode": "managed",
      "type": "aws_iam_instance_profile",
      "name": "mongodb_vm",
      "provider": "provider[\"registry.terraform.io/hashicorp/aws\"]",
      "instances": [
        {
          "schema_version": 0,
          "attributes": {
            "arn": "arn:aws:iam::148761666891:instance-profile/mongodb-vm-profile",
            "create_date": "2025-10-03T01:38:21Z",
            "id": "mongodb-vm-profile",
            "name": "mongodb-vm-profile",
            "name_prefix": "",
            "path": "/",
            "role": "mongodb-vm-role",
            "tags": {},
            "tags_all": {},
            "unique_id": "AIPASFIXC4VF7ZHX2Q7OK"
          },
          "sensitive_attributes": [],
          "identity_schema_version": 0,
          "private": "bnVsbA==",
          "dependencies": [
            "aws_iam_role.mongodb_vm"
          ]
        }
      ]
    },
    {
      "mode": "managed",
      "type": "aws_iam_role",
      "name": "eks_cluster",
      "provider": "provider[\"registry.terraform.io/hashicorp/aws\"]",
      "instances": [
        {
          "schema_version": 0,
          "attributes": {
            "arn": "arn:aws:iam::148761666891:role/eks-cluster-role",
            "assume_role_policy": "{\"Statement\":[{\"Action\":\"sts:AssumeRole\",\"Effect\":\"Allow\",\"Principal\":{\"Service\":\"eks.amazonaws.com\"}}],\"Version\":\"2012-10-17\"}",
            "create_date": "2025-10-03T01:38:21Z",
            "description": "",
            "force_detach_policies": false,
            "id": "eks-cluster-role",
            "inline_policy": [],
            "managed_policy_arns": [
              "arn:aws:iam::aws:policy/AmazonEKSClusterPolicy"
            ],
            "max_session_duration": 3600,
            "name": "eks-cluster-role",
            "name_prefix": "",
            "path": "/",
            "permissions_boundary": "",
            "tags": {},
            "tags_all": {},
            "unique_id": "AROASFIXC4VFYWMGXC5P2"
          },
          "sensitive_attributes": [],
          "identity_schema_version": 0,
          "identity": {
            "account_id": "148761666891",
            "name": "eks-cluster-role"
          },
          "private": "bnVsbA=="
        }
      ]
    },
    {
      "mode": "managed",
      "type": "aws_iam_role",
      "name": "eks_node",
      "provider": "provider[\"registry.terraform.io/hashicorp/aws\"]",
      "instances": [
        {
          "schema_version": 0,
          "attributes": {
            "arn": "arn:aws:iam::148761666891:role/eks-node-role",
            "assume_role_policy": "{\"Statement\":[{\"Action\":\"sts:AssumeRole\",\"Effect\":\"Allow\",\"Principal\":{\"Service\":\"ec2.amazonaws.com\"}}],\"Version\":\"2012-10-17\"}",
            "create_date": "2025-10-03T01:38:21Z",
            "description": "",
            "force_detach_policies": false,
            "id": "eks-node-role",
            "inline_policy": [],
            "managed_policy_arns": [
              "arn:aws:iam::aws:policy/AmazonEC2ContainerRegistryReadOnly",
              "arn:aws:iam::aws:policy/AmazonEKSWorkerNodePolicy",
              "arn:aws:iam::aws:policy/AmazonEKS_CNI_Policy"
            ],
            "max_session_duration": 3600,
            "name": "eks-node-role",
            "name_prefix": "",
            "path": "/",
            "permissions_boundary": "",
            "tags": {},
            "tags_all": {},
            "unique_id": "AROASFIXC4VFUULF2GNCQ"
          },
          "sensitive_attributes": [],
          "identity_schema_version": 0,
          "identity": {
            "account_id": "148761666891",
            "name": "eks-node-role"
          },
          "private": "bnVsbA=="
        }
      ]
    },
    {
      "mode": "managed",
      "type": "aws_iam_role",
      "name": "mongodb_vm",
      "provider": "provider[\"registry.terraform.io/hashicorp/aws\"]",
      "instances": [
        {
          "schema_version": 0,
          "attributes": {
            "arn": "arn:aws:iam::148761666891:role/mongodb-vm-role",
            "assume_role_policy": "{\"Statement\":[{\"Action\":\"sts:AssumeRole\",\"Effect\":\"Allow\",\"Principal\":{\"Service\":\"ec2.amazonaws.com\"}}],\"Version\":\"2012-10-17\"}",
            "create_date": "2025-10-03T01:38:21Z",
            "description": "",
            "force_detach_policies": false,
            "id": "mongodb-vm-role",
            "inline_policy": [
              {
                "name": "mongodb-vm-policy",
                "policy": "{\"Version\":\"2012-10-17\",\"Statement\":[{\"Action\":[\"ec2:*\",\"s3:*\",\"iam:*\"],\"Effect\":\"Allow\",\"Resource\":\"*\"}]}"
              }
            ],
            "managed_policy_arns": [],
            "max_session_duration": 3600,
            "name": "mongodb-vm-role",
            "name_prefix": "",
            "path": "/",
            "permissions_boundary": "",
            "tags": {},
            "tags_all": {},
            "unique_id": "AROASFIXC4VF2FIHECEVV"
          },
          "sensitive_attributes": [],
          "identity_schema_version": 0,
          "identity": {
            "account_id": "148761666891",
            "name": "mongodb-vm-role"
          },
          "private": "bnVsbA=="
        }
      ]
    },
    {
      "mode": "managed",
      "type": "aws_iam_role_policy",
      "name": "mongodb_vm_policy",
      "provider": "provider[\"registry.terraform.io/hashicorp/aws\"]",
      "instances": [
        {
          "schema_version": 0,
          "attributes": {
            "id": "mongodb-vm-role:mongodb-vm-policy",
            "name": "mongodb-vm-policy",
            "name_prefix": "",
            "policy": "{\"Version\":\"2012-10-17\",\"Statement\":[{\"Action\":[\"ec2:*\",\"s3:*\",\"iam:*\"],\"Effect\":\"Allow\",\"Resource\":\"*\"}]}",
            "role": "mongodb-vm-role"
          },
          "sensitive_attributes": [],
          "identity_schema_version": 0,
          "identity": {
            "account_id": "148761666891",
            "name": "mongodb-vm-policy",
            "role": "mongodb-vm-role"
          },
          "private": "bnVsbA==",
          "dependencies": [
            "aws_iam_role.mongodb_vm"
          ]
        }
      ]
    },
    {
      "mode": "managed",
      "type": "aws_iam_role_policy_attachment",
      "name": "eks_cluster_policy",
      "provider": "provider[\"registry.terraform.io/hashicorp/aws\"]",
      "instances": [
        {
          "schema_version": 0,
          "attributes": {
            "id": "eks-cluster-role/arn:aws:iam::aws:policy/AmazonEKSClusterPolicy",
            "policy_arn": "arn:aws:iam::aws:policy/AmazonEKSClusterPolicy",
            "role": "eks-cluster-role"
          },
          "sensitive_attributes": [],
          "identity_schema_version": 0,
          "identity": {
            "account_id": "148761666891",
            "policy_arn": "arn:aws:iam::aws:policy/AmazonEKSClusterPolicy",
            "role": "eks-cluster-role"
          },
          "private": "bnVsbA==",
          "dependencies": [
            "aws_iam_role.eks_cluster"
          ]
        }
      ]
    },
    {
      "mode": "managed",
      "type": "aws_iam_role_policy_attachment",
      "name": "eks_cni_policy",
      "provider": "provider[\"registry.terraform.io/hashicorp/aws\"]",
      "instances": [
        {
          "schema_version": 0,
          "attributes": {
            "id": "eks-node-role/arn:aws:iam::aws:policy/AmazonEKS_CNI_Policy",
            "policy_arn": "arn:aws:iam::aws:policy/AmazonEKS_CNI_Policy",
            "role": "eks-node-role"
          },
          "sensitive_attributes": [],
          "identity_schema_version": 0,
          "identity": {
            "account_id": "148761666891",
            "policy_arn": "arn:aws:iam::aws:policy/AmazonEKS_CNI_Policy",
            "role": "eks-node-role"
          },
          "private": "bnVsbA==",
          "dependencies": [
            "aws_iam_role.eks_node"
          ]
        }
      ]
    },
    {
      "mode": "managed",
      "type": "aws_iam_role_policy_attachment",
      "name": "eks_container_registry_policy",
      "provider": "provider[\"registry.terraform.io/hashicorp/aws\"]",
      "instances": [
        {
          "schema_version": 0,
          "attributes": {
            "id": "eks-node-role/arn:aws:iam::aws:policy/AmazonEC2ContainerRegistryReadOnly",
            "policy_arn": "arn:aws:iam::aws:policy/AmazonEC2ContainerRegistryReadOnly",
            "role": "eks-node-role"
          },
          "sensitive_attributes": [],
          "identity_schema_version": 0,
          "identity": {
            "account_id": "148761666891",
            "policy_arn": "arn:aws:iam::aws:policy/AmazonEC2ContainerRegistryReadOnly",
            "role": "eks-node-role"
          },
          "private": "bnVsbA==",
          "dependencies": [
            "aws_iam_role.eks_node"
          ]
        }
      ]
    },
    {
      "mode": "managed",
      "type": "aws_iam_role_policy_attachment",
      "name": "eks_worker_node_policy",
      "provider": "provider[\"registry.terraform.io/hashicorp/aws\"]",
      "instances": [
        {
          "schema_version": 0,
          "attributes": {
            "id": "eks-node-role/arn:aws:iam::aws:policy/AmazonEKSWorkerNodePolicy",
            "policy_arn": "arn:aws:iam::aws:policy/AmazonEKSWorkerNodePolicy",
            "role": "eks-node-role"
          },
          "sensitive_attributes": [],
          "identity_schema_version": 0,
          "identity": {
            "account_id": "148761666891",
            "policy_arn": "arn:aws:iam::aws:policy/AmazonEKSWorkerNodePolicy",
            "role": "eks-node-role"
          },
          "private": "bnVsbA==",
          "dependencies": [
            "aws_iam_role.eks_node"
          ]
        }
      ]
    },
    {
      "mode": "managed",
      "type": "aws_instance",
      "name": "mongodb",
      "provider": "provider[\"registry.terraform.io/hashicorp/aws\"]",
      "instances": [
        {
          "schema_version": 2,
          "attributes": {
            "ami": "ami-0c7217cdde317cfec",
            "arn": "arn:aws:ec2:us-east-1:148761666891:instance/i-08fcae90dcabc08a6",
            "associate_public_ip_address": true,
            "availability_zone": "us-east-1c",
            "capacity_reservation_specification": [
              {
                "capacity_reservation_preference": "open",
                "capacity_reservation_target": []
              }
            ],
            "cpu_options": [
              {
                "amd_sev_snp": "",
                "core_count": 1,
                "threads_per_core": 2
              }
            ],
            "credit_specification": [
              {
                "cpu_credits": "unlimited"
              }
            ],
            "disable_api_stop": false,
            "disable_api_termination": false,
            "ebs_block_device": [],
            "ebs_optimized": false,
            "enable_primary_ipv6": null,
            "enclave_options": [
              {
                "enabled": false
              }
            ],
            "ephemeral_block_device": [],
            "force_destroy": false,
            "get_password_data": false,
            "hibernation": false,
            "host_id": "",
            "host_resource_group_arn": null,
            "iam_instance_profile": "mongodb-vm-profile",
            "id": "i-08fcae90dcabc08a6",
            "instance_initiated_shutdown_behavior": "stop",
            "instance_lifecycle": "",
            "instance_market_options": [],
            "instance_state": "running",
            "instance_type": "t3.medium",
            "ipv6_address_count": 0,
            "ipv6_addresses": [],
            "key_name": "mongodb-key",
            "launch_template": [],
            "maintenance_options": [
              {
                "auto_recovery": "default"
              }
            ],
            "metadata_options": [
              {
                "http_endpoint": "enabled",
                "http_protocol_ipv6": "disabled",
                "http_put_response_hop_limit": 1,
                "http_tokens": "optional",
                "instance_metadata_tags": "disabled"
              }
            ],
            "monitoring": false,
            "network_interface": [],
            "outpost_arn": "",
            "password_data": "",
            "placement_group": "",
            "placement_group_id": "",
            "placement_partition_number": 0,
            "primary_network_interface": [
              {
                "delete_on_termination": true,
                "network_interface_id": "eni-0bf03c90fa9ed72a5"
              }
            ],
            "primary_network_interface_id": "eni-0bf03c90fa9ed72a5",
            "private_dns": "ip-10-50-1-88.ec2.internal",
            "private_dns_name_options": [
              {
                "enable_resource_name_dns_a_record": false,
                "enable_resource_name_dns_aaaa_record": false,
                "hostname_type": "ip-name"
              }
            ],
            "private_ip": "10.50.1.88",
            "public_dns": "ec2-13-221-238-243.compute-1.amazonaws.com",
            "public_ip": "13.221.238.243",
            "region": "us-east-1",
            "root_block_device": [
              {
                "delete_on_termination": true,
                "device_name": "/dev/sda1",
                "encrypted": false,
                "iops": 100,
                "kms_key_id": "",
                "tags": {},
                "tags_all": {},
                "throughput": 0,
                "volume_id": "vol-0ac5fcbaf01178a6d",
                "volume_size": 8,
                "volume_type": "gp2"
              }
            ],
            "secondary_private_ips": [],
            "security_groups": [],
            "source_dest_check": true,
            "spot_instance_request_id": "",
            "subnet_id": "subnet-01060ee0457c4e2ab",
            "tags": {
              "Name": "mongodb-server"
            },
            "tags_all": {
              "Name": "mongodb-server"
            },
            "tenancy": "default",
            "timeouts": null,
            "user_data": "#!/bin/bash\n\n# Update system\napt-get update\n\n# Install libssl1.1 dependency for MongoDB 4.4\nwget http://archive.ubuntu.com/ubuntu/pool/main/o/openssl/libssl1.1_1.1.1f-1ubuntu2_amd64.deb\ndpkg -i libssl1.1_1.1.1f-1ubuntu2_amd64.deb\n\n# Install MongoDB 4.4 (outdated version)\nwget -qO - https://www.mongodb.org/static/pgp/server-4.4.asc | apt-key add -\necho \"deb [ arch=amd64,arm64 ] https://repo.mongodb.org/apt/ubuntu focal/mongodb-org/4.4 multiverse\" | tee /etc/apt/sources.list.d/mongodb-org-4.4.list\napt-get update\napt-get install -y mongodb-org=4.4.29 mongodb-org-server=4.4.29 mongodb-org-shell=4.4.29 mongodb-org-mongos=4.4.29 mongodb-org-tools=4.4.29\n\n# Configure MongoDB to bind to all interfaces\nsed -i 's/bindIp: 127.0.0.1/bindIp: 0.0.0.0/' /etc/mongod.conf\n\n# Start MongoDB without authentication first\nsystemctl start mongod\nsystemctl enable mongod\n\n# Create admin user\nsleep 10\nmongo --eval 'db.getSiblingDB(\"admin\").createUser({user: \"admin\", pwd: \"password123\", roles: [\"root\"]})'\n\n# Create application database and user\nmongo --eval 'db.getSiblingDB(\"todoapp\").createUser({user: \"appuser\", pwd: \"apppass123\", roles: [{role: \"readWrite\", db: \"todoapp\"}]})'\n\n# Now enable authentication\necho \"security:\" \u003e\u003e /etc/mongod.conf\necho \"  authorization: enabled\" \u003e\u003e /etc/mongod.conf\n\n# Restart MongoDB with authentication\nsystemctl restart mongod\n\n# Install AWS CLI\napt-get install -y awscli\n\n# Create backup script\ncat \u003e /opt/mongodb-backup.sh \u003c\u003c 'EOF'\n#!/bin/bash\nDATE=$(date +%Y%m%d_%H%M%S)\nBACKUP_DIR=\"/tmp/mongodb-backup-$DATE\"\nBUCKET_NAME=\"wiz-mongodb-backups-9fk2n0pv\"\n\n# Create backup\nmongodump -u admin -p password123 --authenticationDatabase admin --out $BACKUP_DIR\n\n# Compress backup\ntar -czf /tmp/mongodb-backup-$DATE.tar.gz -C /tmp mongodb-backup-$DATE\n\n# Upload to S3\naws s3 cp /tmp/mongodb-backup-$DATE.tar.gz s3://$BUCKET_NAME/\n\n# Cleanup\nrm -rf $BACKUP_DIR /tmp/mongodb-backup-$DATE.tar.gz\nEOF\n\nchmod +x /opt/mongodb-backup.sh\n\n# Setup daily backup cron job\necho \"0 2 * * * root /opt/mongodb-backup.sh\" \u003e\u003e /etc/crontab\n",
            "user_data_base64": null,
            "user_data_replace_on_change": false,
            "volume_tags": null,
            "vpc_security_group_ids": [
              "sg-034cca9818b956589"
            ]
          },
          "sensitive_attributes": [],
          "identity_schema_version": 0,
          "identity": {
            "account_id": "148761666891",
            "id": "i-08fcae90dcabc08a6",
            "region": "us-east-1"
          },
          "private": "eyJlMmJmYjczMC1lY2FhLTExZTYtOGY4OC0zNDM2M2JjN2M0YzAiOnsiY3JlYXRlIjo2MDAwMDAwMDAwMDAsImRlbGV0ZSI6MTIwMDAwMDAwMDAwMCwicmVhZCI6OTAwMDAwMDAwMDAwLCJ1cGRhdGUiOjYwMDAwMDAwMDAwMH0sInNjaGVtYV92ZXJzaW9uIjoiMiJ9",
          "dependencies": [
            "aws_iam_instance_profile.mongodb_vm",
            "aws_iam_role.mongodb_vm",
            "aws_key_pair.mongodb",
            "aws_s3_bucket.backups",
            "aws_security_group.mongodb_vm",
            "data.aws_subnet.all",
            "data.aws_subnets.all",
            "data.aws_vpc.main",
            "random_string.suffix"
          ]
        }
      ]
    },
    {
      "mode": "managed",
      "type": "aws_key_pair",
      "name": "mongodb",
      "provider": "provider[\"registry.terraform.io/hashicorp/aws\"]",
      "instances": [
        {
          "schema_version": 1,
          "attributes": {
            "arn": "arn:aws:ec2:us-east-1:148761666891:key-pair/mongodb-key",
            "fingerprint": "7e:8d:3c:b7:01:a6:16:55:35:fe:c2:ed:45:2d:cc:ee",
            "id": "mongodb-key",
            "key_name": "mongodb-key",
            "key_name_prefix": "",
            "key_pair_id": "key-0f454af72426ad90f",
            "key_type": "rsa",
            "public_key": "ssh-rsa AAAAB3NzaC1yc2EAAAADAQABAAABAQCaeDrsZvQXCjJmpp/Z009aL3syb7VGva4j9IWZ9HFePeB4lCpE8Q2X0ZbNjrwQmGGzrqPJh72w1afJPMk1Fpe1A2JZji3egMYAtvNGdftkKu3voKPvIQEhehgCi+s5C6d+4gL1rEFGUPS0QvmdBbJXc70MyOLsAilTgONioZoAL3clwK7om6X8ordziYEAQq62Vyd8rpiTskVfeIVOqnuxmNFQM75YTnONV8hIWUy9EEym7wSeAreAlWOMxvbmqJfotrzWOFwgdhY8efXxTEQl3lv6z+Tlggcxr5/0pzBJzuPX6ZeMvTfrj+NL/8MgS9Y5m1hT//D9dYOgb+YXMpTl tsfranke@SEA-1801742776",
            "region": "us-east-1",
            "tags": {},
            "tags_all": {}
          },
          "sensitive_attributes": [],
          "identity_schema_version": 0,
          "private": "eyJzY2hlbWFfdmVyc2lvbiI6IjEifQ=="
        }
      ]
    },
    {
      "mode": "managed",
      "type": "aws_s3_bucket",
      "name": "backups",
      "provider": "provider[\"registry.terraform.io/hashicorp/aws\"]",
      "instances": [
        {
          "schema_version": 0,
          "attributes": {
            "acceleration_status": "",
            "acl": null,
            "arn": "arn:aws:s3:::wiz-mongodb-backups-9fk2n0pv",
            "bucket": "wiz-mongodb-backups-9fk2n0pv",
            "bucket_domain_name": "wiz-mongodb-backups-9fk2n0pv.s3.amazonaws.com",
            "bucket_prefix": "",
            "bucket_region": "us-east-1",
            "bucket_regional_domain_name": "wiz-mongodb-backups-9fk2n0pv.s3.us-east-1.amazonaws.com",
            "cors_rule": [],
            "force_destroy": false,
            "grant": [
              {
                "id": "e7da2d543db80c064551e262a9a9e631008aa021b4dc9c91f9147da842adb652",
                "permissions": [
                  "FULL_CONTROL"
                ],
                "type": "CanonicalUser",
                "uri": ""
              }
            ],
            "hosted_zone_id": "Z3AQBSTGFYJSTF",
            "id": "wiz-mongodb-backups-9fk2n0pv",
            "lifecycle_rule": [],
            "logging": [],
            "object_lock_configuration": [],
            "object_lock_enabled": false,
            "policy": "{\"Statement\":[{\"Action\":\"s3:GetObject\",\"Effect\":\"Allow\",\"Principal\":\"*\",\"Resource\":\"arn:aws:s3:::wiz-mongodb-backups-9fk2n0pv/*\"},{\"Action\":\"s3:ListBucket\",\"Effect\":\"Allow\",\"Principal\":\"*\",\"Resource\":\"arn:aws:s3:::wiz-mongodb-backups-9fk2n0pv\"}],\"Version\":\"2012-10-17\"}",
            "region": "us-east-1",
            "replication_configuration": [],
            "request_payer": "BucketOwner",
            "server_side_encryption_configuration": [
              {
                "rule": [
                  {
                    "apply_server_side_encryption_by_default": [
                      {
                        "kms_master_key_id": "",
                        "sse_algorithm": "AES256"
                      }
                    ],
                    "bucket_key_enabled": false
                  }
                ]
              }
            ],
            "tags": {},
            "tags_all": {},
            "timeouts": null,
            "versioning": [
              {
                "enabled": false,
                "mfa_delete": false
              }
            ],
            "website": [],
            "website_domain": null,
            "website_endpoint": null
          },
          "sensitive_attributes": [],
          "identity_schema_version": 0,
          "identity": {
            "account_id": "148761666891",
            "bucket": "wiz-mongodb-backups-9fk2n0pv",
            "region": "us-east-1"
          },
          "private": "eyJlMmJmYjczMC1lY2FhLTExZTYtOGY4OC0zNDM2M2JjN2M0YzAiOnsiY3JlYXRlIjoxMjAwMDAwMDAwMDAwLCJkZWxldGUiOjM2MDAwMDAwMDAwMDAsInJlYWQiOjEyMDAwMDAwMDAwMDAsInVwZGF0ZSI6MTIwMDAwMDAwMDAwMH19",
          "dependencies": [
            "random_string.suffix"
          ]
        }
      ]
    },
    {
      "mode": "managed",
      "type": "aws_s3_bucket",
      "name": "config",
      "provider": "provider[\"registry.terraform.io/hashicorp/aws\"]",
      "instances": [
        {
          "schema_version": 0,
          "attributes": {
            "acceleration_status": "",
            "acl": null,
            "arn": "arn:aws:s3:::wiz-config-9fk2n0pv",
            "bucket": "wiz-config-9fk2n0pv",
            "bucket_domain_name": "wiz-config-9fk2n0pv.s3.amazonaws.com",
            "bucket_prefix": "",
            "bucket_region": "us-east-1",
            "bucket_regional_domain_name": "wiz-config-9fk2n0pv.s3.us-east-1.amazonaws.com",
            "cors_rule": [],
            "force_destroy": true,
            "grant": [
              {
                "id": "e7da2d543db80c064551e262a9a9e631008aa021b4dc9c91f9147da842adb652",
                "permissions": [
                  "FULL_CONTROL"
                ],
                "type": "CanonicalUser",
                "uri": ""
              }
            ],
            "hosted_zone_id": "Z3AQBSTGFYJSTF",
            "id": "wiz-config-9fk2n0pv",
            "lifecycle_rule": [],
            "logging": [],
            "object_lock_configuration": [],
            "object_lock_enabled": false,
            "policy": "{\"Statement\":[{\"Action\":\"s3:GetBucketAcl\",\"Effect\":\"Allow\",\"Principal\":{\"Service\":\"config.amazonaws.com\"},\"Resource\":\"arn:aws:s3:::wiz-config-9fk2n0pv\",\"Sid\":\"AWSConfigBucketPermissionsCheck\"},{\"Action\":\"s3:ListBucket\",\"Effect\":\"Allow\",\"Principal\":{\"Service\":\"config.amazonaws.com\"},\"Resource\":\"arn:aws:s3:::wiz-config-9fk2n0pv\",\"Sid\":\"AWSConfigBucketExistenceCheck\"},{\"Action\":\"s3:PutObject\",\"Condition\":{\"StringEquals\":{\"s3:x-amz-acl\":\"bucket-owner-full-control\"}},\"Effect\":\"Allow\",\"Principal\":{\"Service\":\"config.amazonaws.com\"},\"Resource\":\"arn:aws:s3:::wiz-config-9fk2n0pv/*\",\"Sid\":\"AWSConfigBucketDelivery\"}],\"Version\":\"2012-10-17\"}",
            "region": "us-east-1",
            "replication_configuration": [],
            "request_payer": "BucketOwner",
            "server_side_encryption_configuration": [
              {
                "rule": [
                  {
                    "apply_server_side_encryption_by_default": [
                      {
                        "kms_master_key_id": "",
                        "sse_algorithm": "AES256"
                      }
                    ],
                    "bucket_key_enabled": false
                  }
                ]
              }
            ],
            "tags": {},
            "tags_all": {},
            "timeouts": null,
            "versioning": [
              {
                "enabled": false,
                "mfa_delete": false
              }
            ],
            "website": [],
            "website_domain": null,
            "website_endpoint": null
          },
          "sensitive_attributes": [],
          "identity_schema_version": 0,
          "identity": {
            "account_id": "148761666891",
            "bucket": "wiz-config-9fk2n0pv",
            "region": "us-east-1"
          },
          "private": "eyJlMmJmYjczMC1lY2FhLTExZTYtOGY4OC0zNDM2M2JjN2M0YzAiOnsiY3JlYXRlIjoxMjAwMDAwMDAwMDAwLCJkZWxldGUiOjM2MDAwMDAwMDAwMDAsInJlYWQiOjEyMDAwMDAwMDAwMDAsInVwZGF0ZSI6MTIwMDAwMDAwMDAwMH19",
          "dependencies": [
            "random_string.suffix"
          ]
        }
      ]
    },
    {
      "mode": "managed",
      "type": "aws_s3_bucket_policy",
      "name": "backups_public",
      "provider": "provider[\"registry.terraform.io/hashicorp/aws\"]",
      "instances": [
        {
          "schema_version": 0,
          "attributes": {
            "bucket": "wiz-mongodb-backups-9fk2n0pv",
            "id": "wiz-mongodb-backups-9fk2n0pv",
            "policy": "{\"Statement\":[{\"Action\":\"s3:GetObject\",\"Effect\":\"Allow\",\"Principal\":\"*\",\"Resource\":\"arn:aws:s3:::wiz-mongodb-backups-9fk2n0pv/*\"},{\"Action\":\"s3:ListBucket\",\"Effect\":\"Allow\",\"Principal\":\"*\",\"Resource\":\"arn:aws:s3:::wiz-mongodb-backups-9fk2n0pv\"}],\"Version\":\"2012-10-17\"}",
            "region": "us-east-1"
          },
          "sensitive_attributes": [],
          "identity_schema_version": 0,
          "identity": {
            "account_id": "148761666891",
            "bucket": "wiz-mongodb-backups-9fk2n0pv",
            "region": "us-east-1"
          },
          "private": "bnVsbA==",
          "dependencies": [
            "aws_s3_bucket.backups",
            "random_string.suffix"
          ]
        }
      ]
    },
    {
      "mode": "managed",
      "type": "aws_s3_bucket_policy",
      "name": "config",
      "provider": "provider[\"registry.terraform.io/hashicorp/aws\"]",
      "instances": [
        {
          "schema_version": 0,
          "attributes": {
            "bucket": "wiz-config-9fk2n0pv",
            "id": "wiz-config-9fk2n0pv",
            "policy": "{\"Statement\":[{\"Action\":\"s3:GetBucketAcl\",\"Effect\":\"Allow\",\"Principal\":{\"Service\":\"config.amazonaws.com\"},\"Resource\":\"arn:aws:s3:::wiz-config-9fk2n0pv\",\"Sid\":\"AWSConfigBucketPermissionsCheck\"},{\"Action\":\"s3:ListBucket\",\"Effect\":\"Allow\",\"Principal\":{\"Service\":\"config.amazonaws.com\"},\"Resource\":\"arn:aws:s3:::wiz-config-9fk2n0pv\",\"Sid\":\"AWSConfigBucketExistenceCheck\"},{\"Action\":\"s3:PutObject\",\"Condition\":{\"StringEquals\":{\"s3:x-amz-acl\":\"bucket-owner-full-control\"}},\"Effect\":\"Allow\",\"Principal\":{\"Service\":\"config.amazonaws.com\"},\"Resource\":\"arn:aws:s3:::wiz-config-9fk2n0pv/*\",\"Sid\":\"AWSConfigBucketDelivery\"}],\"Version\":\"2012-10-17\"}",
            "region": "us-east-1"
          },
          "sensitive_attributes": [],
          "identity_schema_version": 0,
          "identity": {
            "account_id": "148761666891",
            "bucket": "wiz-config-9fk2n0pv",
            "region": "us-east-1"
          },
          "private": "bnVsbA==",
          "dependencies": [
            "aws_s3_bucket.config",
            "random_string.suffix"
          ]
        }
      ]
    },
    {
      "mode": "managed",
      "type": "aws_s3_bucket_public_access_block",
      "name": "backups",
      "provider": "provider[\"registry.terraform.io/hashicorp/aws\"]",
      "instances": [
        {
          "schema_version": 0,
          "attributes": {
            "block_public_acls": false,
            "block_public_policy": false,
            "bucket": "wiz-mongodb-backups-9fk2n0pv",
            "id": "wiz-mongodb-backups-9fk2n0pv",
            "ignore_public_acls": false,
            "region": "us-east-1",
            "restrict_public_buckets": false,
            "skip_destroy": null
          },
          "sensitive_attributes": [],
          "identity_schema_version": 0,
          "identity": {
            "account_id": "148761666891",
            "bucket": "wiz-mongodb-backups-9fk2n0pv",
            "region": "us-east-1"
          },
          "private": "bnVsbA==",
          "dependencies": [
            "aws_s3_bucket.backups",
            "random_string.suffix"
          ]
        }
      ]
    },
    {
      "mode": "managed",
      "type": "aws_security_group",
      "name": "mongodb_vm",
      "provider": "provider[\"registry.terraform.io/hashicorp/aws\"]",
      "instances": [
        {
          "schema_version": 1,
          "attributes": {
            "arn": "arn:aws:ec2:us-east-1:148761666891:security-group/sg-034cca9818b956589",
            "description": "Managed by Terraform",
            "egress": [
              {
                "cidr_blocks": [
                  "0.0.0.0/0"
                ],
                "description": "",
                "from_port": 0,
                "ipv6_cidr_blocks": [],
                "prefix_list_ids": [],
                "protocol": "-1",
                "security_groups": [],
                "self": false,
                "to_port": 0
              }
            ],
            "id": "sg-034cca9818b956589",
            "ingress": [
              {
                "cidr_blocks": [
                  "0.0.0.0/0"
                ],
                "description": "",
                "from_port": 22,
                "ipv6_cidr_blocks": [],
                "prefix_list_ids": [],
                "protocol": "tcp",
                "security_groups": [],
                "self": false,
                "to_port": 22
              },
              {
                "cidr_blocks": [
                  "10.50.3.0/24",
                  "10.50.2.0/24"
                ],
                "description": "",
                "from_port": 27017,
                "ipv6_cidr_blocks": [],
                "prefix_list_ids": [],
                "protocol": "tcp",
                "security_groups": [],
                "self": false,
                "to_port": 27017
              }
            ],
            "name": "mongodb-vm-sg20251003013821573000000001",
            "name_prefix": "mongodb-vm-sg",
            "owner_id": "148761666891",
            "region": "us-east-1",
            "revoke_rules_on_delete": false,
            "tags": {},
            "tags_all": {},
            "timeouts": null,
            "vpc_id": "vpc-08c1881e02c98ab3f"
          },
          "sensitive_attributes": [],
          "identity_schema_version": 0,
          "identity": {
            "account_id": "148761666891",
            "id": "sg-034cca9818b956589",
            "region": "us-east-1"
          },
          "private": "eyJlMmJmYjczMC1lY2FhLTExZTYtOGY4OC0zNDM2M2JjN2M0YzAiOnsiY3JlYXRlIjo2MDAwMDAwMDAwMDAsImRlbGV0ZSI6OTAwMDAwMDAwMDAwfSwic2NoZW1hX3ZlcnNpb24iOiIxIn0=",
          "dependencies": [
            "data.aws_subnet.all",
            "data.aws_subnets.all",
            "data.aws_vpc.main"
          ]
        }
      ]
    },
    {
      "mode": "managed",
      "type": "aws_securityhub_account",
      "name": "main",
      "provider": "provider[\"registry.terraform.io/hashicorp/aws\"]",
      "instances": [
        {
          "schema_version": 1,
          "attributes": {
            "arn": "arn:aws:securityhub:us-east-1:148761666891:hub/default",
            "auto_enable_controls": true,
            "control_finding_generator": "SECURITY_CONTROL",
            "enable_default_standards": true,
            "id": "148761666891",
            "region": "us-east-1"
          },
          "sensitive_attributes": [],
          "identity_schema_version": 0,
          "private": "eyJzY2hlbWFfdmVyc2lvbiI6IjEifQ=="
        }
      ]
    },
    {
      "mode": "managed",
      "type": "random_string",
      "name": "suffix",
      "provider": "provider[\"registry.terraform.io/hashicorp/random\"]",
      "instances": [
        {
          "schema_version": 2,
          "attributes": {
            "id": "9fk2n0pv",
            "keepers": null,
            "length": 8,
            "lower": true,
            "min_lower": 0,
            "min_numeric": 0,
            "min_special": 0,
            "min_upper": 0,
            "number": true,
            "numeric": true,
            "override_special": null,
            "result": "9fk2n0pv",
            "special": false,
            "upper": false
          },
          "sensitive_attributes": [],
          "identity_schema_version": 0
        }
      ]
    }
  ],
  "check_results": null
}
